
Microsoft Visual Studio Solution File, Format Version 12.00
# Visual Studio Version 17
VisualStudioVersion = 17.8.34330.188
MinimumVisualStudioVersion = 10.0.40219.1
Project("{FAE04EC0-301F-11D3-BF4B-00C04F79EFBC}") = "Students", "Students\Students.csproj", "{2C4CD8A7-3A9C-47CA-8831-8AFF45FF9A82}"
EndProject
Global
	GlobalSection(SolutionConfigurationPlatforms) = preSolution
		Debug|Any CPU = Debug|Any CPU
		Release|Any CPU = Release|Any CPU
	EndGlobalSection
	GlobalSection(ProjectConfigurationPlatforms) = postSolution
		{2C4CD8A7-3A9C-47CA-8831-8AFF45FF9A82}.Debug|Any CPU.ActiveCfg = Debug|Any CPU
		{2C4CD8A7-3A9C-47CA-8831-8AFF45FF9A82}.Debug|Any CPU.Build.0 = Debug|Any CPU
		{2C4CD8A7-3A9C-47CA-8831-8AFF45FF9A82}.Release|Any CPU.ActiveCfg = Release|Any CPU
		{2C4CD8A7-3A9C-47CA-8831-8AFF45FF9A82}.Release|Any CPU.Build.0 = Release|Any CPU
	EndGlobalSection
	GlobalSection(SolutionProperties) = preSolution
		HideSolutionNode = FALSE
	EndGlobalSection
	GlobalSection(ExtensibilityGlobals) = postSolution
		SolutionGuid = {8EDC0939-E67F-4C5F-8B4D-14A443082209}
	EndGlobalSection
EndGlobal
